
Microsoft Visual Studio Solution File, Format Version 12.00
# Visual Studio Version 17
VisualStudioVersion = 17.5.002.0
MinimumVisualStudioVersion = 10.0.40219.1
Project("{2150E333-8FDC-42A3-9474-1A3956D46DE8}") = "csharp-prep", "csharp-prep", "{58782D28-F38D-4B07-A2A7-6ECD4FAEF732}"
EndProject
Project("{9A19103F-16F7-4668-BE54-9A1E7A4F7556}") = "Prep1", "csharp-prep\Prep1\Prep1.csproj", "{48DF4D2F-B793-4033-B2D9-7CE522423502}"
EndProject
Project("{9A19103F-16F7-4668-BE54-9A1E7A4F7556}") = "Prep2", "csharp-prep\Prep2\Prep2.csproj", "{0F7C747D-8020-4FA8-A996-112612337BAD}"
EndProject
Project("{9A19103F-16F7-4668-BE54-9A1E7A4F7556}") = "Prep3", "csharp-prep\Prep3\Prep3.csproj", "{B8F1A874-380A-4466-94C4-B23F3327B428}"
EndProject
Project("{9A19103F-16F7-4668-BE54-9A1E7A4F7556}") = "Prep4", "csharp-prep\Prep4\Prep4.csproj", "{AF588620-F66C-4A03-AA9E-15EED429DA0B}"
EndProject
Project("{9A19103F-16F7-4668-BE54-9A1E7A4F7556}") = "Prep5", "csharp-prep\Prep5\Prep5.csproj", "{2D6F608B-EC56-42C6-83C8-ECA15E4DC8C4}"
EndProject
Project("{2150E333-8FDC-42A3-9474-1A3956D46DE8}") = "final", "final", "{09EFFCE6-B065-40A0-9394-89B73CC47F7D}"
EndProject
Project("{9A19103F-16F7-4668-BE54-9A1E7A4F7556}") = "FinalProject", "final\FinalProject\FinalProject.csproj", "{FEE9AF0D-F953-48A1-9E5A-3F9BED77AA5D}"
EndProject
Project("{9A19103F-16F7-4668-BE54-9A1E7A4F7556}") = "Foundation1", "final\Foundation1\Foundation1.csproj", "{5DE7261D-452F-4DC2-A429-F6111F3AD4CF}"
EndProject
Project("{9A19103F-16F7-4668-BE54-9A1E7A4F7556}") = "Foundation2", "final\Foundation2\Foundation2.csproj", "{80744C68-AEBF-4BF1-8D4E-58697FA0C1F8}"
EndProject
Project("{9A19103F-16F7-4668-BE54-9A1E7A4F7556}") = "Foundation3", "final\Foundation3\Foundation3.csproj", "{A2BC48A1-D092-4A6C-A7D9-C62C4AE02827}"
EndProject
Project("{9A19103F-16F7-4668-BE54-9A1E7A4F7556}") = "Foundation4", "final\Foundation4\Foundation4.csproj", "{702148A8-52B5-41CD-B11C-626529CA82E6}"
EndProject
Project("{2150E333-8FDC-42A3-9474-1A3956D46DE8}") = "prepare", "prepare", "{6E946C8B-53DF-401C-9C95-C73CBB27EBBA}"
EndProject
Project("{9A19103F-16F7-4668-BE54-9A1E7A4F7556}") = "Learning02", "prepare\Learning02\Learning02.csproj", "{2F1B4E67-F7D1-4C90-8919-18B979AF15A5}"
EndProject
Project("{9A19103F-16F7-4668-BE54-9A1E7A4F7556}") = "Learning03", "prepare\Learning03\Learning03.csproj", "{EB609DBC-4136-4CBD-BB35-97746A7ABCB9}"
EndProject
Project("{9A19103F-16F7-4668-BE54-9A1E7A4F7556}") = "Learning04", "prepare\Learning04\Learning04.csproj", "{4588F50C-5BFA-4A94-B36E-1D9A243AC648}"
EndProject
Project("{9A19103F-16F7-4668-BE54-9A1E7A4F7556}") = "Learning05", "prepare\Learning05\Learning05.csproj", "{B1A8B936-729E-4454-8D77-C98ECDA132FD}"
EndProject
Project("{2150E333-8FDC-42A3-9474-1A3956D46DE8}") = "prove", "prove", "{8BBBA09C-FA54-45F6-85CC-15F416F98F48}"
EndProject
Project("{9A19103F-16F7-4668-BE54-9A1E7A4F7556}") = "Develop02", "prove\Develop02\Develop02.csproj", "{52F1966B-11C8-443D-AE6F-613D0B2651E6}"
EndProject
Project("{9A19103F-16F7-4668-BE54-9A1E7A4F7556}") = "Develop03", "prove\Develop03\Develop03.csproj", "{E1C94A40-3D75-4A10-8B6E-5E8856310CA2}"
EndProject
Project("{9A19103F-16F7-4668-BE54-9A1E7A4F7556}") = "Develop04", "prove\Develop04\Develop04.csproj", "{D43821C2-2FA5-496A-9C0A-5E57A392F128}"
EndProject
Project("{9A19103F-16F7-4668-BE54-9A1E7A4F7556}") = "Develop05", "prove\Develop05\Develop05.csproj", "{B38016B2-8ED9-4DDC-992B-F257FA8D44BB}"
EndProject
Project("{2150E333-8FDC-42A3-9474-1A3956D46DE8}") = "sandbox", "sandbox", "{A59A82FF-BFE6-422B-9F06-5D252FC22A0D}"
EndProject
Project("{9A19103F-16F7-4668-BE54-9A1E7A4F7556}") = "Sandbox", "sandbox\Sandbox\Sandbox.csproj", "{DC59086E-F91A-4599-8A70-4E18A28AFD8D}"
EndProject
Global
	GlobalSection(SolutionConfigurationPlatforms) = preSolution
		Debug|Any CPU = Debug|Any CPU
		Release|Any CPU = Release|Any CPU
	EndGlobalSection
	GlobalSection(ProjectConfigurationPlatforms) = postSolution
		{48DF4D2F-B793-4033-B2D9-7CE522423502}.Debug|Any CPU.ActiveCfg = Debug|Any CPU
		{48DF4D2F-B793-4033-B2D9-7CE522423502}.Debug|Any CPU.Build.0 = Debug|Any CPU
		{48DF4D2F-B793-4033-B2D9-7CE522423502}.Release|Any CPU.ActiveCfg = Release|Any CPU
		{48DF4D2F-B793-4033-B2D9-7CE522423502}.Release|Any CPU.Build.0 = Release|Any CPU
		{0F7C747D-8020-4FA8-A996-112612337BAD}.Debug|Any CPU.ActiveCfg = Debug|Any CPU
		{0F7C747D-8020-4FA8-A996-112612337BAD}.Debug|Any CPU.Build.0 = Debug|Any CPU
		{0F7C747D-8020-4FA8-A996-112612337BAD}.Release|Any CPU.ActiveCfg = Release|Any CPU
		{0F7C747D-8020-4FA8-A996-112612337BAD}.Release|Any CPU.Build.0 = Release|Any CPU
		{B8F1A874-380A-4466-94C4-B23F3327B428}.Debug|Any CPU.ActiveCfg = Debug|Any CPU
		{B8F1A874-380A-4466-94C4-B23F3327B428}.Debug|Any CPU.Build.0 = Debug|Any CPU
		{B8F1A874-380A-4466-94C4-B23F3327B428}.Release|Any CPU.ActiveCfg = Release|Any CPU
		{B8F1A874-380A-4466-94C4-B23F3327B428}.Release|Any CPU.Build.0 = Release|Any CPU
		{AF588620-F66C-4A03-AA9E-15EED429DA0B}.Debug|Any CPU.ActiveCfg = Debug|Any CPU
		{AF588620-F66C-4A03-AA9E-15EED429DA0B}.Debug|Any CPU.Build.0 = Debug|Any CPU
		{AF588620-F66C-4A03-AA9E-15EED429DA0B}.Release|Any CPU.ActiveCfg = Release|Any CPU
		{AF588620-F66C-4A03-AA9E-15EED429DA0B}.Release|Any CPU.Build.0 = Release|Any CPU
		{2D6F608B-EC56-42C6-83C8-ECA15E4DC8C4}.Debug|Any CPU.ActiveCfg = Debug|Any CPU
		{2D6F608B-EC56-42C6-83C8-ECA15E4DC8C4}.Debug|Any CPU.Build.0 = Debug|Any CPU
		{2D6F608B-EC56-42C6-83C8-ECA15E4DC8C4}.Release|Any CPU.ActiveCfg = Release|Any CPU
		{2D6F608B-EC56-42C6-83C8-ECA15E4DC8C4}.Release|Any CPU.Build.0 = Release|Any CPU
		{FEE9AF0D-F953-48A1-9E5A-3F9BED77AA5D}.Debug|Any CPU.ActiveCfg = Debug|Any CPU
		{FEE9AF0D-F953-48A1-9E5A-3F9BED77AA5D}.Debug|Any CPU.Build.0 = Debug|Any CPU
		{FEE9AF0D-F953-48A1-9E5A-3F9BED77AA5D}.Release|Any CPU.ActiveCfg = Release|Any CPU
		{FEE9AF0D-F953-48A1-9E5A-3F9BED77AA5D}.Release|Any CPU.Build.0 = Release|Any CPU
		{5DE7261D-452F-4DC2-A429-F6111F3AD4CF}.Debug|Any CPU.ActiveCfg = Debug|Any CPU
		{5DE7261D-452F-4DC2-A429-F6111F3AD4CF}.Debug|Any CPU.Build.0 = Debug|Any CPU
		{5DE7261D-452F-4DC2-A429-F6111F3AD4CF}.Release|Any CPU.ActiveCfg = Release|Any CPU
		{5DE7261D-452F-4DC2-A429-F6111F3AD4CF}.Release|Any CPU.Build.0 = Release|Any CPU
		{80744C68-AEBF-4BF1-8D4E-58697FA0C1F8}.Debug|Any CPU.ActiveCfg = Debug|Any CPU
		{80744C68-AEBF-4BF1-8D4E-58697FA0C1F8}.Debug|Any CPU.Build.0 = Debug|Any CPU
		{80744C68-AEBF-4BF1-8D4E-58697FA0C1F8}.Release|Any CPU.ActiveCfg = Release|Any CPU
		{80744C68-AEBF-4BF1-8D4E-58697FA0C1F8}.Release|Any CPU.Build.0 = Release|Any CPU
		{A2BC48A1-D092-4A6C-A7D9-C62C4AE02827}.Debug|Any CPU.ActiveCfg = Debug|Any CPU
		{A2BC48A1-D092-4A6C-A7D9-C62C4AE02827}.Debug|Any CPU.Build.0 = Debug|Any CPU
		{A2BC48A1-D092-4A6C-A7D9-C62C4AE02827}.Release|Any CPU.ActiveCfg = Release|Any CPU
		{A2BC48A1-D092-4A6C-A7D9-C62C4AE02827}.Release|Any CPU.Build.0 = Release|Any CPU
		{702148A8-52B5-41CD-B11C-626529CA82E6}.Debug|Any CPU.ActiveCfg = Debug|Any CPU
		{702148A8-52B5-41CD-B11C-626529CA82E6}.Debug|Any CPU.Build.0 = Debug|Any CPU
		{702148A8-52B5-41CD-B11C-626529CA82E6}.Release|Any CPU.ActiveCfg = Release|Any CPU
		{702148A8-52B5-41CD-B11C-626529CA82E6}.Release|Any CPU.Build.0 = Release|Any CPU
		{2F1B4E67-F7D1-4C90-8919-18B979AF15A5}.Debug|Any CPU.ActiveCfg = Debug|Any CPU
		{2F1B4E67-F7D1-4C90-8919-18B979AF15A5}.Debug|Any CPU.Build.0 = Debug|Any CPU
		{2F1B4E67-F7D1-4C90-8919-18B979AF15A5}.Release|Any CPU.ActiveCfg = Release|Any CPU
		{2F1B4E67-F7D1-4C90-8919-18B979AF15A5}.Release|Any CPU.Build.0 = Release|Any CPU
		{EB609DBC-4136-4CBD-BB35-97746A7ABCB9}.Debug|Any CPU.ActiveCfg = Debug|Any CPU
		{EB609DBC-4136-4CBD-BB35-97746A7ABCB9}.Debug|Any CPU.Build.0 = Debug|Any CPU
		{EB609DBC-4136-4CBD-BB35-97746A7ABCB9}.Release|Any CPU.ActiveCfg = Release|Any CPU
		{EB609DBC-4136-4CBD-BB35-97746A7ABCB9}.Release|Any CPU.Build.0 = Release|Any CPU
		{4588F50C-5BFA-4A94-B36E-1D9A243AC648}.Debug|Any CPU.ActiveCfg = Debug|Any CPU
		{4588F50C-5BFA-4A94-B36E-1D9A243AC648}.Debug|Any CPU.Build.0 = Debug|Any CPU
		{4588F50C-5BFA-4A94-B36E-1D9A243AC648}.Release|Any CPU.ActiveCfg = Release|Any CPU
		{4588F50C-5BFA-4A94-B36E-1D9A243AC648}.Release|Any CPU.Build.0 = Release|Any CPU
		{B1A8B936-729E-4454-8D77-C98ECDA132FD}.Debug|Any CPU.ActiveCfg = Debug|Any CPU
		{B1A8B936-729E-4454-8D77-C98ECDA132FD}.Debug|Any CPU.Build.0 = Debug|Any CPU
		{B1A8B936-729E-4454-8D77-C98ECDA132FD}.Release|Any CPU.ActiveCfg = Release|Any CPU
		{B1A8B936-729E-4454-8D77-C98ECDA132FD}.Release|Any CPU.Build.0 = Release|Any CPU
		{52F1966B-11C8-443D-AE6F-613D0B2651E6}.Debug|Any CPU.ActiveCfg = Debug|Any CPU
		{52F1966B-11C8-443D-AE6F-613D0B2651E6}.Debug|Any CPU.Build.0 = Debug|Any CPU
		{52F1966B-11C8-443D-AE6F-613D0B2651E6}.Release|Any CPU.ActiveCfg = Release|Any CPU
		{52F1966B-11C8-443D-AE6F-613D0B2651E6}.Release|Any CPU.Build.0 = Release|Any CPU
		{E1C94A40-3D75-4A10-8B6E-5E8856310CA2}.Debug|Any CPU.ActiveCfg = Debug|Any CPU
		{E1C94A40-3D75-4A10-8B6E-5E8856310CA2}.Debug|Any CPU.Build.0 = Debug|Any CPU
		{E1C94A40-3D75-4A10-8B6E-5E8856310CA2}.Release|Any CPU.ActiveCfg = Release|Any CPU
		{E1C94A40-3D75-4A10-8B6E-5E8856310CA2}.Release|Any CPU.Build.0 = Release|Any CPU
		{D43821C2-2FA5-496A-9C0A-5E57A392F128}.Debug|Any CPU.ActiveCfg = Debug|Any CPU
		{D43821C2-2FA5-496A-9C0A-5E57A392F128}.Debug|Any CPU.Build.0 = Debug|Any CPU
		{D43821C2-2FA5-496A-9C0A-5E57A392F128}.Release|Any CPU.ActiveCfg = Release|Any CPU
		{D43821C2-2FA5-496A-9C0A-5E57A392F128}.Release|Any CPU.Build.0 = Release|Any CPU
		{B38016B2-8ED9-4DDC-992B-F257FA8D44BB}.Debug|Any CPU.ActiveCfg = Debug|Any CPU
		{B38016B2-8ED9-4DDC-992B-F257FA8D44BB}.Debug|Any CPU.Build.0 = Debug|Any CPU
		{B38016B2-8ED9-4DDC-992B-F257FA8D44BB}.Release|Any CPU.ActiveCfg = Release|Any CPU
		{B38016B2-8ED9-4DDC-992B-F257FA8D44BB}.Release|Any CPU.Build.0 = Release|Any CPU
		{DC59086E-F91A-4599-8A70-4E18A28AFD8D}.Debug|Any CPU.ActiveCfg = Debug|Any CPU
		{DC59086E-F91A-4599-8A70-4E18A28AFD8D}.Debug|Any CPU.Build.0 = Debug|Any CPU
		{DC59086E-F91A-4599-8A70-4E18A28AFD8D}.Release|Any CPU.ActiveCfg = Release|Any CPU
		{DC59086E-F91A-4599-8A70-4E18A28AFD8D}.Release|Any CPU.Build.0 = Release|Any CPU
	EndGlobalSection
	GlobalSection(SolutionProperties) = preSolution
		HideSolutionNode = FALSE
	EndGlobalSection
	GlobalSection(NestedProjects) = preSolution
		{48DF4D2F-B793-4033-B2D9-7CE522423502} = {58782D28-F38D-4B07-A2A7-6ECD4FAEF732}
		{0F7C747D-8020-4FA8-A996-112612337BAD} = {58782D28-F38D-4B07-A2A7-6ECD4FAEF732}
		{B8F1A874-380A-4466-94C4-B23F3327B428} = {58782D28-F38D-4B07-A2A7-6ECD4FAEF732}
		{AF588620-F66C-4A03-AA9E-15EED429DA0B} = {58782D28-F38D-4B07-A2A7-6ECD4FAEF732}
		{2D6F608B-EC56-42C6-83C8-ECA15E4DC8C4} = {58782D28-F38D-4B07-A2A7-6ECD4FAEF732}
		{FEE9AF0D-F953-48A1-9E5A-3F9BED77AA5D} = {09EFFCE6-B065-40A0-9394-89B73CC47F7D}
		{5DE7261D-452F-4DC2-A429-F6111F3AD4CF} = {09EFFCE6-B065-40A0-9394-89B73CC47F7D}
		{80744C68-AEBF-4BF1-8D4E-58697FA0C1F8} = {09EFFCE6-B065-40A0-9394-89B73CC47F7D}
		{A2BC48A1-D092-4A6C-A7D9-C62C4AE02827} = {09EFFCE6-B065-40A0-9394-89B73CC47F7D}
		{702148A8-52B5-41CD-B11C-626529CA82E6} = {09EFFCE6-B065-40A0-9394-89B73CC47F7D}
		{2F1B4E67-F7D1-4C90-8919-18B979AF15A5} = {6E946C8B-53DF-401C-9C95-C73CBB27EBBA}
		{EB609DBC-4136-4CBD-BB35-97746A7ABCB9} = {6E946C8B-53DF-401C-9C95-C73CBB27EBBA}
		{4588F50C-5BFA-4A94-B36E-1D9A243AC648} = {6E946C8B-53DF-401C-9C95-C73CBB27EBBA}
		{B1A8B936-729E-4454-8D77-C98ECDA132FD} = {6E946C8B-53DF-401C-9C95-C73CBB27EBBA}
		{52F1966B-11C8-443D-AE6F-613D0B2651E6} = {8BBBA09C-FA54-45F6-85CC-15F416F98F48}
		{E1C94A40-3D75-4A10-8B6E-5E8856310CA2} = {8BBBA09C-FA54-45F6-85CC-15F416F98F48}
		{D43821C2-2FA5-496A-9C0A-5E57A392F128} = {8BBBA09C-FA54-45F6-85CC-15F416F98F48}
		{B38016B2-8ED9-4DDC-992B-F257FA8D44BB} = {8BBBA09C-FA54-45F6-85CC-15F416F98F48}
		{DC59086E-F91A-4599-8A70-4E18A28AFD8D} = {A59A82FF-BFE6-422B-9F06-5D252FC22A0D}
	EndGlobalSection
	GlobalSection(ExtensibilityGlobals) = postSolution
		SolutionGuid = {15DA5CB3-572F-4B1C-AC91-79AD2980C3BF}
	EndGlobalSection
EndGlobal
